
Microsoft Visual Studio Solution File, Format Version 12.00
# Visual Studio Version 17
VisualStudioVersion = 17.0.31903.59
MinimumVisualStudioVersion = 10.0.40219.1
Project("{FAE04EC0-301F-11D3-BF4B-00C04F79EFBC}") = "tamrin2", "tamrin2\tamrin2.csproj", "{E6E9E6DA-EF1E-4506-9604-23A8C41F8E0E}"
EndProject
Global
	GlobalSection(SolutionConfigurationPlatforms) = preSolution
		Debug|Any CPU = Debug|Any CPU
		Release|Any CPU = Release|Any CPU
	EndGlobalSection
	GlobalSection(ProjectConfigurationPlatforms) = postSolution
		{E6E9E6DA-EF1E-4506-9604-23A8C41F8E0E}.Debug|Any CPU.ActiveCfg = Debug|Any CPU
		{E6E9E6DA-EF1E-4506-9604-23A8C41F8E0E}.Debug|Any CPU.Build.0 = Debug|Any CPU
		{E6E9E6DA-EF1E-4506-9604-23A8C41F8E0E}.Release|Any CPU.ActiveCfg = Release|Any CPU
		{E6E9E6DA-EF1E-4506-9604-23A8C41F8E0E}.Release|Any CPU.Build.0 = Release|Any CPU
	EndGlobalSection
	GlobalSection(SolutionProperties) = preSolution
		HideSolutionNode = FALSE
	EndGlobalSection
	GlobalSection(ExtensibilityGlobals) = postSolution
		SolutionGuid = {480F6D12-D805-4687-849B-92BECB600A7A}
	EndGlobalSection
EndGlobal
